
Microsoft Visual Studio Solution File, Format Version 12.00
# Visual Studio Version 17
VisualStudioVersion = 17.14.36603.0 d17.14
MinimumVisualStudioVersion = 10.0.40219.1
Project("{8BC9CEB8-8B4A-11D0-8D11-00A0C91BC942}") = "opengl-glfw-project", "opengl-glfw-project.vcxproj", "{F97EAD97-DDC8-4BB7-8269-9EE7FC2310F4}"
EndProject
Global
	GlobalSection(SolutionConfigurationPlatforms) = preSolution
		Debug|x64 = Debug|x64
		Debug|x86 = Debug|x86
		Release|x64 = Release|x64
		Release|x86 = Release|x86
	EndGlobalSection
	GlobalSection(ProjectConfigurationPlatforms) = postSolution
		{F97EAD97-DDC8-4BB7-8269-9EE7FC2310F4}.Debug|x64.ActiveCfg = Debug|x64
		{F97EAD97-DDC8-4BB7-8269-9EE7FC2310F4}.Debug|x64.Build.0 = Debug|x64
		{F97EAD97-DDC8-4BB7-8269-9EE7FC2310F4}.Debug|x86.ActiveCfg = Debug|Win32
		{F97EAD97-DDC8-4BB7-8269-9EE7FC2310F4}.Debug|x86.Build.0 = Debug|Win32
		{F97EAD97-DDC8-4BB7-8269-9EE7FC2310F4}.Release|x64.ActiveCfg = Release|x64
		{F97EAD97-DDC8-4BB7-8269-9EE7FC2310F4}.Release|x64.Build.0 = Release|x64
		{F97EAD97-DDC8-4BB7-8269-9EE7FC2310F4}.Release|x86.ActiveCfg = Release|Win32
		{F97EAD97-DDC8-4BB7-8269-9EE7FC2310F4}.Release|x86.Build.0 = Release|Win32
	EndGlobalSection
	GlobalSection(SolutionProperties) = preSolution
		HideSolutionNode = FALSE
	EndGlobalSection
	GlobalSection(ExtensibilityGlobals) = postSolution
		SolutionGuid = {10F610EA-F787-440E-9B34-BF2E81AD5CD7}
	EndGlobalSection
EndGlobal
